<?xml version="1.0" encoding="utf-8"?>
<Project ToolsVersion="4.0" xmlns="http://schemas.microsoft.com/developer/msbuild/2003">
  <ItemGroup>
    <Filter Include="소스 파일">
      <UniqueIdentifier>{4FC737F1-C7A5-4376-A066-2A32D752A2FF}</UniqueIdentifier>
      <Extensions>cpp;c;cc;cxx;c++;cppm;ixx;def;odl;idl;hpj;bat;asm;asmx</Extensions>
    </Filter>
    <Filter Include="헤더 파일">
      <UniqueIdentifier>{93995380-89BD-4b04-88EB-625FBE52EBFB}</UniqueIdentifier>
      <Extensions>h;hh;hpp;hxx;h++;hm;inl;inc;ipp;xsd</Extensions>
    </Filter>
    <Filter Include="리소스 파일">
      <UniqueIdentifier>{67DA6AB6-F800-4c08-8B7A-83BB121AAD01}</UniqueIdentifier>
      <Extensions>rc;ico;cur;bmp;dlg;rc2;rct;bin;rgs;gif;jpg;jpeg;jpe;resx;tiff;tif;png;wav;mfcribbon-ms</Extensions>
    </Filter>
  </ItemGroup>
  <ItemGroup>
    <ClCompile Include="..\..\C_Project_exercise\Exercise_Chap03.c">
      <Filter>소스 파일</Filter>
    </ClCompile>
    <ClCompile Include="..\..\C_Project_exercise\Exercise_Chap04.c">
      <Filter>소스 파일</Filter>
    </ClCompile>
    <ClCompile Include="..\..\C_Project_exercise\Exercise_Chap05.c">
      <Filter>소스 파일</Filter>
    </ClCompile>
    <ClCompile Include="..\..\C_Project_exercise\Exercise_Chap06.c">
      <Filter>소스 파일</Filter>
    </ClCompile>
    <ClCompile Include="..\..\C_Project_exercise\Exercise_Chap07.c">
      <Filter>소스 파일</Filter>
    </ClCompile>
    <ClCompile Include="..\..\C_Project_exercise\Exercise_Chap08.c">
      <Filter>소스 파일</Filter>
    </ClCompile>
    <ClCompile Include="..\..\C_Project_exercise\Exercise_Chap09.c">
      <Filter>소스 파일</Filter>
    </ClCompile>
    <ClCompile Include="..\..\C_Project_exercise\Exercise_Chap10.c">
      <Filter>소스 파일</Filter>
    </ClCompile>
    <ClCompile Include="..\..\C_Project_exercise\Exercise_Chap11.c">
      <Filter>소스 파일</Filter>
    </ClCompile>
    <ClCompile Include="..\..\C_Project_exercise\Exercise_Chap12.c">
      <Filter>소스 파일</Filter>
    </ClCompile>
    <ClCompile Include="..\..\C_Project_exercise\Exercise_Chap13.c">
      <Filter>소스 파일</Filter>
    </ClCompile>
    <ClCompile Include="..\..\C_Project_exercise\Calculation_Rect.c">
      <Filter>소스 파일</Filter>
    </ClCompile>
    <ClCompile Include="..\..\C_Project_exercise\Calculation_Weight.c">
      <Filter>소스 파일</Filter>
    </ClCompile>
    <ClCompile Include="..\..\C_Project_exercise\change.c">
      <Filter>소스 파일</Filter>
    </ClCompile>
    <ClCompile Include="..\..\C_Project_exercise\escape.c">
      <Filter>소스 파일</Filter>
    </ClCompile>
    <ClCompile Include="..\..\C_Project_exercise\MainProgram.c">
      <Filter>소스 파일</Filter>
    </ClCompile>
    <ClCompile Include="..\..\C_Project_exercise\Print_Char_Exercise.c">
      <Filter>소스 파일</Filter>
    </ClCompile>
    <ClCompile Include="Exercise_Chap14.c">
      <Filter>소스 파일</Filter>
    </ClCompile>
  </ItemGroup>
  <ItemGroup>
    <ClInclude Include="..\..\C_Project_exercise\TH_lib.h">
      <Filter>헤더 파일</Filter>
    </ClInclude>
    <ClInclude Include="..\..\C_Project_exercise\TH_lib_2.h">
      <Filter>헤더 파일</Filter>
    </ClInclude>
  </ItemGroup>
</Project>